
Microsoft Visual Studio Solution File, Format Version 12.00
# Visual Studio Version 17
VisualStudioVersion = 17.11.35327.3
MinimumVisualStudioVersion = 10.0.40219.1
Project("{FAE04EC0-301F-11D3-BF4B-00C04F79EFBC}") = "AvaloniaTerminal.Desktop", "src\AvaloniaTerminal.Desktop\AvaloniaTerminal.Desktop.csproj", "{B55A5DC2-C1DF-4C7A-B799-4B05F1E88EFF}"
EndProject
Project("{FAE04EC0-301F-11D3-BF4B-00C04F79EFBC}") = "AvaloniaTerminal", "src\AvaloniaTerminal\AvaloniaTerminal.csproj", "{0CCFA5E1-E491-42EC-9F7D-E3638638D4DE}"
EndProject
Project("{2150E333-8FDC-42A3-9474-1A3956D46DE8}") = "Solution Items", "Solution Items", "{3BFD487D-E975-46C9-8F37-2BE9321C4215}"
	ProjectSection(SolutionItems) = preProject
		.releaserc.json = .releaserc.json
		README.md = README.md
		.github\workflows\release.yaml = .github\workflows\release.yaml
	EndProjectSection
EndProject
Project("{FAE04EC0-301F-11D3-BF4B-00C04F79EFBC}") = "XtermSharp", "src\XtermSharp\XtermSharp.csproj", "{F865E554-E33E-4116-B688-F75A74560008}"
EndProject
Project("{FAE04EC0-301F-11D3-BF4B-00C04F79EFBC}") = "AvaloniaTerminal.Tests", "tests\AvaloniaTerminal.Tests\AvaloniaTerminal.Tests.csproj", "{7AACA4AE-DD7B-4C08-9D63-29C2BEF75611}"
EndProject
Global
	GlobalSection(SolutionConfigurationPlatforms) = preSolution
		Debug|Any CPU = Debug|Any CPU
		Release|Any CPU = Release|Any CPU
	EndGlobalSection
	GlobalSection(ProjectConfigurationPlatforms) = postSolution
		{B55A5DC2-C1DF-4C7A-B799-4B05F1E88EFF}.Debug|Any CPU.ActiveCfg = Debug|Any CPU
		{B55A5DC2-C1DF-4C7A-B799-4B05F1E88EFF}.Debug|Any CPU.Build.0 = Debug|Any CPU
		{B55A5DC2-C1DF-4C7A-B799-4B05F1E88EFF}.Release|Any CPU.ActiveCfg = Release|Any CPU
		{B55A5DC2-C1DF-4C7A-B799-4B05F1E88EFF}.Release|Any CPU.Build.0 = Release|Any CPU
		{0CCFA5E1-E491-42EC-9F7D-E3638638D4DE}.Debug|Any CPU.ActiveCfg = Debug|Any CPU
		{0CCFA5E1-E491-42EC-9F7D-E3638638D4DE}.Debug|Any CPU.Build.0 = Debug|Any CPU
		{0CCFA5E1-E491-42EC-9F7D-E3638638D4DE}.Release|Any CPU.ActiveCfg = Release|Any CPU
		{0CCFA5E1-E491-42EC-9F7D-E3638638D4DE}.Release|Any CPU.Build.0 = Release|Any CPU
		{F865E554-E33E-4116-B688-F75A74560008}.Debug|Any CPU.ActiveCfg = Debug|Any CPU
		{F865E554-E33E-4116-B688-F75A74560008}.Debug|Any CPU.Build.0 = Debug|Any CPU
                {7AACA4AE-DD7B-4C08-9D63-29C2BEF75611}.Debug|Any CPU.ActiveCfg = Debug|Any CPU
                {7AACA4AE-DD7B-4C08-9D63-29C2BEF75611}.Debug|Any CPU.Build.0 = Debug|Any CPU
                {7AACA4AE-DD7B-4C08-9D63-29C2BEF75611}.Release|Any CPU.ActiveCfg = Release|Any CPU
                {7AACA4AE-DD7B-4C08-9D63-29C2BEF75611}.Release|Any CPU.Build.0 = Release|Any CPU
		{F865E554-E33E-4116-B688-F75A74560008}.Release|Any CPU.ActiveCfg = Release|Any CPU
		{F865E554-E33E-4116-B688-F75A74560008}.Release|Any CPU.Build.0 = Release|Any CPU
	EndGlobalSection
	GlobalSection(SolutionProperties) = preSolution
		HideSolutionNode = FALSE
	EndGlobalSection
	GlobalSection(ExtensibilityGlobals) = postSolution
		SolutionGuid = {3ABE4589-330D-48EA-876F-D36C1D3E40DB}
	EndGlobalSection
EndGlobal
